
Microsoft Visual Studio Solution File, Format Version 12.00
# Visual Studio Version 17
VisualStudioVersion = 17.11.35327.3
MinimumVisualStudioVersion = 10.0.40219.1
Project("{9A19103F-16F7-4668-BE54-9A1E7A4F7556}") = "Definirane", "Definirane\Definirane.csproj", "{1AD8FF3C-8D9D-40CA-8A90-769828E1C529}"
EndProject
Project("{9A19103F-16F7-4668-BE54-9A1E7A4F7556}") = "Family", "Family\Family.csproj", "{89E33175-D05B-4D58-917C-897B1BF3C6F4}"
EndProject
Project("{9A19103F-16F7-4668-BE54-9A1E7A4F7556}") = "statistika", "statistika\statistika.csproj", "{605CE4C0-EC8C-45B6-95BA-ABF74131FC45}"
EndProject
Project("{FAE04EC0-301F-11D3-BF4B-00C04F79EFBC}") = "Spisuknaslujiteli", "Spisuknaslujiteli\Spisuknaslujiteli.csproj", "{75C3E572-8871-43CB-ACD3-00C91EF38DEA}"
EndProject
Global
	GlobalSection(SolutionConfigurationPlatforms) = preSolution
		Debug|Any CPU = Debug|Any CPU
		Release|Any CPU = Release|Any CPU
	EndGlobalSection
	GlobalSection(ProjectConfigurationPlatforms) = postSolution
		{1AD8FF3C-8D9D-40CA-8A90-769828E1C529}.Debug|Any CPU.ActiveCfg = Debug|Any CPU
		{1AD8FF3C-8D9D-40CA-8A90-769828E1C529}.Debug|Any CPU.Build.0 = Debug|Any CPU
		{1AD8FF3C-8D9D-40CA-8A90-769828E1C529}.Release|Any CPU.ActiveCfg = Release|Any CPU
		{1AD8FF3C-8D9D-40CA-8A90-769828E1C529}.Release|Any CPU.Build.0 = Release|Any CPU
		{89E33175-D05B-4D58-917C-897B1BF3C6F4}.Debug|Any CPU.ActiveCfg = Debug|Any CPU
		{89E33175-D05B-4D58-917C-897B1BF3C6F4}.Debug|Any CPU.Build.0 = Debug|Any CPU
		{89E33175-D05B-4D58-917C-897B1BF3C6F4}.Release|Any CPU.ActiveCfg = Release|Any CPU
		{89E33175-D05B-4D58-917C-897B1BF3C6F4}.Release|Any CPU.Build.0 = Release|Any CPU
		{605CE4C0-EC8C-45B6-95BA-ABF74131FC45}.Debug|Any CPU.ActiveCfg = Debug|Any CPU
		{605CE4C0-EC8C-45B6-95BA-ABF74131FC45}.Debug|Any CPU.Build.0 = Debug|Any CPU
		{605CE4C0-EC8C-45B6-95BA-ABF74131FC45}.Release|Any CPU.ActiveCfg = Release|Any CPU
		{605CE4C0-EC8C-45B6-95BA-ABF74131FC45}.Release|Any CPU.Build.0 = Release|Any CPU
		{75C3E572-8871-43CB-ACD3-00C91EF38DEA}.Debug|Any CPU.ActiveCfg = Debug|Any CPU
		{75C3E572-8871-43CB-ACD3-00C91EF38DEA}.Debug|Any CPU.Build.0 = Debug|Any CPU
		{75C3E572-8871-43CB-ACD3-00C91EF38DEA}.Release|Any CPU.ActiveCfg = Release|Any CPU
		{75C3E572-8871-43CB-ACD3-00C91EF38DEA}.Release|Any CPU.Build.0 = Release|Any CPU
	EndGlobalSection
	GlobalSection(SolutionProperties) = preSolution
		HideSolutionNode = FALSE
	EndGlobalSection
	GlobalSection(ExtensibilityGlobals) = postSolution
		SolutionGuid = {0159C49D-AF28-4BAA-A1CA-90E0D29E67F3}
	EndGlobalSection
EndGlobal
